PODS:
  - Alamofire (3.1.5)
  - Crashlytics (3.6.0):
    - Fabric (~> 1.6.3)
  - DGElasticPullToRefresh (1.0.3)
  - Fabric (1.6.5)
  - Graph (1.0.2)
  - SwiftDate (3.0.1)

DEPENDENCIES:
  - Alamofire
  - Crashlytics
  - DGElasticPullToRefresh
  - Fabric
  - Graph
  - SwiftDate

SPEC CHECKSUMS:
  Alamofire: 5f730ba29fd113b7ddd71c1e65d0c630acf5d7b0
  Crashlytics: e4e8d02914f2608fbc7bf42b1a7af838b0db67a2
  DGElasticPullToRefresh: 040f39ae69840b3261d163fe6735c5901bf851e9
  Fabric: 338ffd3c2afcab120638907b4251189de9ad17b3
  Graph: bf7739ecf2e331ed6335c730502369f6b8b77c9a
  SwiftDate: 0ffc7cdc4e4ddffe44cb9f4ee378e4d68eaba6e7

PODFILE CHECKSUM: 2b452a8bae51d649fafdc55512e369adf82ed284

COCOAPODS: 1.0.0.beta.3
